
Microsoft Visual Studio Solution File, Format Version 12.00
# Visual Studio 14
VisualStudioVersion = 14.0.25420.1
MinimumVisualStudioVersion = 10.0.40219.1
Project("{FAE04EC0-301F-11D3-BF4B-00C04F79EFBC}") = "JMLWeb", "JMLWeb\JMLWeb.csproj", "{C0590585-EAF2-4CD8-B2BA-FDC617657DAB}"
EndProject
Project("{FAE04EC0-301F-11D3-BF4B-00C04F79EFBC}") = "JMLWeb.Tests", "JMLWeb.Tests\JMLWeb.Tests.csproj", "{134516F9-D8E5-415E-83B4-6D7B28192F64}"
EndProject
Project("{FAE04EC0-301F-11D3-BF4B-00C04F79EFBC}") = "JMLWeb.Controllers", "JMLWeb.Controllers\JMLWeb.Controllers.csproj", "{53A98E3F-A48F-4F48-81CA-FF547C8910C6}"
EndProject
Project("{FAE04EC0-301F-11D3-BF4B-00C04F79EFBC}") = "JMLWeb.Business", "JMLWeb.Business\JMLWeb.Business.csproj", "{0297AC1D-6391-49BB-8357-0CAC5B706935}"
EndProject
Project("{FAE04EC0-301F-11D3-BF4B-00C04F79EFBC}") = "JMLWeb.ViewModels", "JMLWeb.ViewModels\JMLWeb.ViewModels.csproj", "{977D5DEC-DB02-4677-9B9E-A2577B613A7A}"
EndProject
Global
	GlobalSection(SolutionConfigurationPlatforms) = preSolution
		Debug|Any CPU = Debug|Any CPU
		Release|Any CPU = Release|Any CPU
	EndGlobalSection
	GlobalSection(ProjectConfigurationPlatforms) = postSolution
		{C0590585-EAF2-4CD8-B2BA-FDC617657DAB}.Debug|Any CPU.ActiveCfg = Debug|Any CPU
		{C0590585-EAF2-4CD8-B2BA-FDC617657DAB}.Debug|Any CPU.Build.0 = Debug|Any CPU
		{C0590585-EAF2-4CD8-B2BA-FDC617657DAB}.Release|Any CPU.ActiveCfg = Release|Any CPU
		{C0590585-EAF2-4CD8-B2BA-FDC617657DAB}.Release|Any CPU.Build.0 = Release|Any CPU
		{134516F9-D8E5-415E-83B4-6D7B28192F64}.Debug|Any CPU.ActiveCfg = Debug|Any CPU
		{134516F9-D8E5-415E-83B4-6D7B28192F64}.Debug|Any CPU.Build.0 = Debug|Any CPU
		{134516F9-D8E5-415E-83B4-6D7B28192F64}.Release|Any CPU.ActiveCfg = Release|Any CPU
		{134516F9-D8E5-415E-83B4-6D7B28192F64}.Release|Any CPU.Build.0 = Release|Any CPU
		{53A98E3F-A48F-4F48-81CA-FF547C8910C6}.Debug|Any CPU.ActiveCfg = Debug|Any CPU
		{53A98E3F-A48F-4F48-81CA-FF547C8910C6}.Debug|Any CPU.Build.0 = Debug|Any CPU
		{53A98E3F-A48F-4F48-81CA-FF547C8910C6}.Release|Any CPU.ActiveCfg = Release|Any CPU
		{53A98E3F-A48F-4F48-81CA-FF547C8910C6}.Release|Any CPU.Build.0 = Release|Any CPU
		{0297AC1D-6391-49BB-8357-0CAC5B706935}.Debug|Any CPU.ActiveCfg = Debug|Any CPU
		{0297AC1D-6391-49BB-8357-0CAC5B706935}.Debug|Any CPU.Build.0 = Debug|Any CPU
		{0297AC1D-6391-49BB-8357-0CAC5B706935}.Release|Any CPU.ActiveCfg = Release|Any CPU
		{0297AC1D-6391-49BB-8357-0CAC5B706935}.Release|Any CPU.Build.0 = Release|Any CPU
		{977D5DEC-DB02-4677-9B9E-A2577B613A7A}.Debug|Any CPU.ActiveCfg = Debug|Any CPU
		{977D5DEC-DB02-4677-9B9E-A2577B613A7A}.Debug|Any CPU.Build.0 = Debug|Any CPU
		{977D5DEC-DB02-4677-9B9E-A2577B613A7A}.Release|Any CPU.ActiveCfg = Release|Any CPU
		{977D5DEC-DB02-4677-9B9E-A2577B613A7A}.Release|Any CPU.Build.0 = Release|Any CPU
	EndGlobalSection
	GlobalSection(SolutionProperties) = preSolution
		HideSolutionNode = FALSE
	EndGlobalSection
EndGlobal
